
Microsoft Visual Studio Solution File, Format Version 12.00
# Visual Studio Version 16
VisualStudioVersion = 25.0.1703.2
MinimumVisualStudioVersion = 10.0.40219.1
Project("{FAE04EC0-301F-11D3-BF4B-00C04F79EFBC}") = "TestExc", "TestExc\TestExc.csproj", "{06FE9243-C60D-40A3-8B7B-20678B5052E1}"
EndProject
Global
	GlobalSection(SolutionConfigurationPlatforms) = preSolution
		Debug|Any CPU = Debug|Any CPU
		Release|Any CPU = Release|Any CPU
	EndGlobalSection
	GlobalSection(ProjectConfigurationPlatforms) = postSolution
		{06FE9243-C60D-40A3-8B7B-20678B5052E1}.Debug|Any CPU.ActiveCfg = Debug|Any CPU
		{06FE9243-C60D-40A3-8B7B-20678B5052E1}.Debug|Any CPU.Build.0 = Debug|Any CPU
		{06FE9243-C60D-40A3-8B7B-20678B5052E1}.Release|Any CPU.ActiveCfg = Release|Any CPU
		{06FE9243-C60D-40A3-8B7B-20678B5052E1}.Release|Any CPU.Build.0 = Release|Any CPU
	EndGlobalSection
	GlobalSection(SolutionProperties) = preSolution
		HideSolutionNode = FALSE
	EndGlobalSection
	GlobalSection(ExtensibilityGlobals) = postSolution
		SolutionGuid = {8A51E111-264B-455D-B8E9-A7CCE128076E}
	EndGlobalSection
EndGlobal
