
Microsoft Visual Studio Solution File, Format Version 12.00
# Visual Studio Version 16
VisualStudioVersion = 25.0.1703.0
MinimumVisualStudioVersion = 10.0.40219.1
Project("{FAE04EC0-301F-11D3-BF4B-00C04F79EFBC}") = "StaticVariablesAndMethods", "StaticVariablesAndMethods\StaticVariablesAndMethods.csproj", "{0C271086-EB3B-4A88-890E-91B3BE65D63C}"
EndProject
Global
	GlobalSection(SolutionConfigurationPlatforms) = preSolution
		Debug|Any CPU = Debug|Any CPU
		Release|Any CPU = Release|Any CPU
	EndGlobalSection
	GlobalSection(ProjectConfigurationPlatforms) = postSolution
		{0C271086-EB3B-4A88-890E-91B3BE65D63C}.Debug|Any CPU.ActiveCfg = Debug|Any CPU
		{0C271086-EB3B-4A88-890E-91B3BE65D63C}.Debug|Any CPU.Build.0 = Debug|Any CPU
		{0C271086-EB3B-4A88-890E-91B3BE65D63C}.Release|Any CPU.ActiveCfg = Release|Any CPU
		{0C271086-EB3B-4A88-890E-91B3BE65D63C}.Release|Any CPU.Build.0 = Release|Any CPU
	EndGlobalSection
	GlobalSection(SolutionProperties) = preSolution
		HideSolutionNode = FALSE
	EndGlobalSection
	GlobalSection(ExtensibilityGlobals) = postSolution
		SolutionGuid = {6A16A445-A568-4C75-B017-3ED3A7E53378}
	EndGlobalSection
EndGlobal
